
Microsoft Visual Studio Solution File, Format Version 12.00
# Visual Studio Version 17
VisualStudioVersion = 17.1.32421.90
MinimumVisualStudioVersion = 10.0.40219.1
Project("{FAE04EC0-301F-11D3-BF4B-00C04F79EFBC}") = "html-animation-loader", "html-animation-loader\html-animation-loader.csproj", "{A467E046-BD04-4001-82DE-86039921404B}"
EndProject
Global
	GlobalSection(SolutionConfigurationPlatforms) = preSolution
		Debug|Any CPU = Debug|Any CPU
		Release|Any CPU = Release|Any CPU
	EndGlobalSection
	GlobalSection(ProjectConfigurationPlatforms) = postSolution
		{A467E046-BD04-4001-82DE-86039921404B}.Debug|Any CPU.ActiveCfg = Debug|Any CPU
		{A467E046-BD04-4001-82DE-86039921404B}.Debug|Any CPU.Build.0 = Debug|Any CPU
		{A467E046-BD04-4001-82DE-86039921404B}.Release|Any CPU.ActiveCfg = Release|Any CPU
		{A467E046-BD04-4001-82DE-86039921404B}.Release|Any CPU.Build.0 = Release|Any CPU
	EndGlobalSection
	GlobalSection(SolutionProperties) = preSolution
		HideSolutionNode = FALSE
	EndGlobalSection
	GlobalSection(ExtensibilityGlobals) = postSolution
		SolutionGuid = {21846071-7D53-4BA2-A89D-F494F1C55B2A}
	EndGlobalSection
EndGlobal
